{
  "lockfile_version": "1",
  "packages": {
    "gh@latest": {
      "last_modified": "2026-02-26T05:06:13Z",
      "resolved": "github:NixOS/nixpkgs/26eaeac4e409d7b5a6bf6f90a2a2dc223c78d915#gh",
      "source": "devbox-search",
      "version": "2.87.3",
      "systems": {
        "aarch64-darwin": {
          "outputs": [
            {
              "name": "out",
              "path": "/nix/store/gkpngbiz6fys2nsxgxcd454j4ph78wxb-gh-2.87.3",
              "default": true
            }
          ],
          "store_path": "/nix/store/gkpngbiz6fys2nsxgxcd454j4ph78wxb-gh-2.87.3"
        },
        "aarch64-linux": {
          "outputs": [
            {
              "name": "out",
              "path": "/nix/store/arwzxdy2ba1p4ak0b55ln1a5xvxdws4c-gh-2.87.3",
              "default": true
            }
          ],
          "store_path": "/nix/store/arwzxdy2ba1p4ak0b55ln1a5xvxdws4c-gh-2.87.3"
        },
        "x86_64-darwin": {
          "outputs": [
            {
              "name": "out",
              "path": "/nix/store/b7cbk3r89jy5xgcvyd5nf087bbyljl9v-gh-2.87.3",
              "default": true
            }
          ],
          "store_path": "/nix/store/b7cbk3r89jy5xgcvyd5nf087bbyljl9v-gh-2.87.3"
        },
        "x86_64-linux": {
          "outputs": [
            {
              "name": "out",
              "path": "/nix/store/x0nqj95k7dbxw4d1vvsckqgl6lhmxhf1-gh-2.87.3",
              "default": true
            }
          ],
          "store_path": "/nix/store/x0nqj95k7dbxw4d1vvsckqgl6lhmxhf1-gh-2.87.3"
        }
      }
    },
    "github:NixOS/nixpkgs/nixpkgs-unstable": {
      "last_modified": "2025-12-23T23:26:46Z",
      "resolved": "github:NixOS/nixpkgs/8142186f001295e5a3239f485c8a49bf2de2695a?lastModified=1766532406&narHash=sha256-acLU%2Fag9VEoKkzOD202QASX25nG1eArXg5A0mHjKgxM%3D"
    },
    "gnumake@latest": {
      "last_modified": "2025-11-23T21:50:36Z",
      "resolved": "github:NixOS/nixpkgs/ee09932cedcef15aaf476f9343d1dea2cb77e261#gnumake",
      "source": "devbox-search",
      "version": "4.4.1",
      "systems": {
        "aarch64-darwin": {
          "outputs": [
            {
              "name": "out",
              "path": "/nix/store/himpsafkr92afwx35m02cfqqkayjp7ab-gnumake-4.4.1",
              "default": true
            },
            {
              "name": "man",
              "path": "/nix/store/6k5xskz3ih6as6s431an4vfc8kygwb06-gnumake-4.4.1-man",
              "default": true
            },
            {
              "name": "info",
              "path": "/nix/store/j8pw4cw50ijq08zdnz6r5s0l8hwvi6y2-gnumake-4.4.1-info"
            }
          ],
          "store_path": "/nix/store/himpsafkr92afwx35m02cfqqkayjp7ab-gnumake-4.4.1"
        },
        "aarch64-linux": {
          "outputs": [
            {
              "name": "out",
              "path": "/nix/store/4as5z9sq13frzn76l4grs0x7jlhmp8a4-gnumake-4.4.1",
              "default": true
            },
            {
              "name": "man",
              "path": "/nix/store/c3p59qjacf7zlmivlhzly323wbmwiynn-gnumake-4.4.1-man",
              "default": true
            },
            {
              "name": "debug",
              "path": "/nix/store/bg7na4xrp92kc3w2xmpxck5rxab10by5-gnumake-4.4.1-debug"
            },
            {
              "name": "info",
              "path": "/nix/store/w974qs2b1p53l0xcxrm4va45ih5jjj1x-gnumake-4.4.1-info"
            }
          ],
          "store_path": "/nix/store/4as5z9sq13frzn76l4grs0x7jlhmp8a4-gnumake-4.4.1"
        },
        "x86_64-darwin": {
          "outputs": [
            {
              "name": "out",
              "path": "/nix/store/bc7w3vj6r09bi1izjnag31zw1s26bl3i-gnumake-4.4.1",
              "default": true
            },
            {
              "name": "man",
              "path": "/nix/store/70bpwla1zm4rzj3qh318qb0h3zg2k57x-gnumake-4.4.1-man",
              "default": true
            },
            {
              "name": "info",
              "path": "/nix/store/318jsjis2rp8rm5zpw936flpg90c4v20-gnumake-4.4.1-info"
            }
          ],
          "store_path": "/nix/store/bc7w3vj6r09bi1izjnag31zw1s26bl3i-gnumake-4.4.1"
        },
        "x86_64-linux": {
          "outputs": [
            {
              "name": "out",
              "path": "/nix/store/jlv0a6iyh8vb7pfyhjj93xy245xlmgh5-gnumake-4.4.1",
              "default": true
            },
            {
              "name": "man",
              "path": "/nix/store/66gca2ba1a5dd2pbwh3nc2fil96nzwb8-gnumake-4.4.1-man",
              "default": true
            },
            {
              "name": "debug",
              "path": "/nix/store/jyd69jw95fcsgnl9p5r6k3iycls32vsy-gnumake-4.4.1-debug"
            },
            {
              "name": "info",
              "path": "/nix/store/dm5rg41pkjr7g5khqivn5ddgdlzr2fvy-gnumake-4.4.1-info"
            }
          ],
          "store_path": "/nix/store/jlv0a6iyh8vb7pfyhjj93xy245xlmgh5-gnumake-4.4.1"
        }
      }
    },
    "just@latest": {
      "last_modified": "2025-11-23T21:50:36Z",
      "resolved": "github:NixOS/nixpkgs/ee09932cedcef15aaf476f9343d1dea2cb77e261#just",
      "source": "devbox-search",
      "version": "1.43.1",
      "systems": {
        "aarch64-darwin": {
          "outputs": [
            {
              "name": "out",
              "path": "/nix/store/g6cidwix7lzzb0i5lpisvb7gx051qsc1-just-1.43.1",
              "default": true
            },
            {
              "name": "man",
              "path": "/nix/store/y8ggbr7rq06mpqsdckpdsxzhjkspw63g-just-1.43.1-man",
              "default": true
            },
            {
              "name": "doc",
              "path": "/nix/store/g2z02i3a2z17h9cmx04sp7zpzzgzkqh8-just-1.43.1-doc"
            }
          ],
          "store_path": "/nix/store/g6cidwix7lzzb0i5lpisvb7gx051qsc1-just-1.43.1"
        },
        "aarch64-linux": {
          "outputs": [
            {
              "name": "out",
              "path": "/nix/store/ni4jn8rsn0h49lng7hdq6584zc4gpy9l-just-1.43.1",
              "default": true
            },
            {
              "name": "man",
              "path": "/nix/store/59aflmjxv0qbkaqzmjni4yydg873dl5v-just-1.43.1-man",
              "default": true
            },
            {
              "name": "doc",
              "path": "/nix/store/99qn6axss3rk7c681rkhj9zza0ax2i74-just-1.43.1-doc"
            }
          ],
          "store_path": "/nix/store/ni4jn8rsn0h49lng7hdq6584zc4gpy9l-just-1.43.1"
        },
        "x86_64-darwin": {
          "outputs": [
            {
              "name": "out",
              "path": "/nix/store/aa9459rdk1lzj2yd27csaasn9hb98ckr-just-1.43.1",
              "default": true
            },
            {
              "name": "man",
              "path": "/nix/store/j67aa2bj6ssz61x4bh0ga0z1qzzv3prp-just-1.43.1-man",
              "default": true
            },
            {
              "name": "doc",
              "path": "/nix/store/kqx5lgjwpaipi7whnydwkl72alwvn5jz-just-1.43.1-doc"
            }
          ],
          "store_path": "/nix/store/aa9459rdk1lzj2yd27csaasn9hb98ckr-just-1.43.1"
        },
        "x86_64-linux": {
          "outputs": [
            {
              "name": "out",
              "path": "/nix/store/kkmg0vkp9y4jp9yqgzrml0fgac9lfcyq-just-1.43.1",
              "default": true
            },
            {
              "name": "man",
              "path": "/nix/store/ib17hahpg1vpgh1ll0r7nb6rkmilpiil-just-1.43.1-man",
              "default": true
            },
            {
              "name": "doc",
              "path": "/nix/store/idyx9h5gmcnzzqbjb50nwf30i4g1050v-just-1.43.1-doc"
            }
          ],
          "store_path": "/nix/store/kkmg0vkp9y4jp9yqgzrml0fgac9lfcyq-just-1.43.1"
        }
      }
    },
    "wget@latest": {
      "last_modified": "2025-11-23T21:50:36Z",
      "resolved": "github:NixOS/nixpkgs/ee09932cedcef15aaf476f9343d1dea2cb77e261#wget",
      "source": "devbox-search",
      "version": "1.25.0",
      "systems": {
        "aarch64-darwin": {
          "outputs": [
            {
              "name": "out",
              "path": "/nix/store/c0w95qqwyxz3bk5bbgdph53v61gpx5hr-wget-1.25.0",
              "default": true
            }
          ],
          "store_path": "/nix/store/c0w95qqwyxz3bk5bbgdph53v61gpx5hr-wget-1.25.0"
        },
        "aarch64-linux": {
          "outputs": [
            {
              "name": "out",
              "path": "/nix/store/fck1qyis0hsmp3blc30qx7lmbdkx31mn-wget-1.25.0",
              "default": true
            }
          ],
          "store_path": "/nix/store/fck1qyis0hsmp3blc30qx7lmbdkx31mn-wget-1.25.0"
        },
        "x86_64-darwin": {
          "outputs": [
            {
              "name": "out",
              "path": "/nix/store/vkpi9pk1nr1vbf9nf0ldjyclqshl3ph8-wget-1.25.0",
              "default": true
            }
          ],
          "store_path": "/nix/store/vkpi9pk1nr1vbf9nf0ldjyclqshl3ph8-wget-1.25.0"
        },
        "x86_64-linux": {
          "outputs": [
            {
              "name": "out",
              "path": "/nix/store/bhkfrdvapl4zw304qiyqdlxcfr0hdan6-wget-1.25.0",
              "default": true
            }
          ],
          "store_path": "/nix/store/bhkfrdvapl4zw304qiyqdlxcfr0hdan6-wget-1.25.0"
        }
      }
    }
  }
}
